
Microsoft Visual Studio Solution File, Format Version 12.00
# Visual Studio Version 16
VisualStudioVersion = 16.0.28606.126
MinimumVisualStudioVersion = 10.0.40219.1
Project("{9A19103F-16F7-4668-BE54-9A1E7A4F7556}") = "SchedulingBenchmarks", "SchedulingBenchmarks\SchedulingBenchmarks.csproj", "{C6AC6DE3-BFC3-4B12-BA75-CD19790DE407}"
EndProject
Project("{FAE04EC0-301F-11D3-BF4B-00C04F79EFBC}") = "SchedulingBenchmarks.Cli", "SchedulingBenchmarks.Cli\SchedulingBenchmarks.Cli.csproj", "{D1224172-5B94-4379-93D1-CA0F70D90124}"
EndProject
Global
	GlobalSection(SolutionConfigurationPlatforms) = preSolution
		Debug|Any CPU = Debug|Any CPU
		Release|Any CPU = Release|Any CPU
	EndGlobalSection
	GlobalSection(ProjectConfigurationPlatforms) = postSolution
		{C6AC6DE3-BFC3-4B12-BA75-CD19790DE407}.Debug|Any CPU.ActiveCfg = Debug|Any CPU
		{C6AC6DE3-BFC3-4B12-BA75-CD19790DE407}.Debug|Any CPU.Build.0 = Debug|Any CPU
		{C6AC6DE3-BFC3-4B12-BA75-CD19790DE407}.Release|Any CPU.ActiveCfg = Release|Any CPU
		{C6AC6DE3-BFC3-4B12-BA75-CD19790DE407}.Release|Any CPU.Build.0 = Release|Any CPU
		{D1224172-5B94-4379-93D1-CA0F70D90124}.Debug|Any CPU.ActiveCfg = Debug|Any CPU
		{D1224172-5B94-4379-93D1-CA0F70D90124}.Debug|Any CPU.Build.0 = Debug|Any CPU
		{D1224172-5B94-4379-93D1-CA0F70D90124}.Release|Any CPU.ActiveCfg = Release|Any CPU
		{D1224172-5B94-4379-93D1-CA0F70D90124}.Release|Any CPU.Build.0 = Release|Any CPU
	EndGlobalSection
	GlobalSection(SolutionProperties) = preSolution
		HideSolutionNode = FALSE
	EndGlobalSection
	GlobalSection(ExtensibilityGlobals) = postSolution
		SolutionGuid = {3B2F2249-72AF-4F79-B353-F32806A149F1}
	EndGlobalSection
EndGlobal
